
Microsoft Visual Studio Solution File, Format Version 12.00
# Visual Studio 15
VisualStudioVersion = 15.0.28307.902
MinimumVisualStudioVersion = 10.0.40219.1
Project("{FAE04EC0-301F-11D3-BF4B-00C04F79EFBC}") = "Client", "Client\Client.csproj", "{8DBD89C9-2F18-4B7B-A3F5-8A487F1BD02F}"
EndProject
Global
	GlobalSection(SolutionConfigurationPlatforms) = preSolution
		Debug|Any CPU = Debug|Any CPU
		Release|Any CPU = Release|Any CPU
	EndGlobalSection
	GlobalSection(ProjectConfigurationPlatforms) = postSolution
		{8DBD89C9-2F18-4B7B-A3F5-8A487F1BD02F}.Debug|Any CPU.ActiveCfg = Debug|Any CPU
		{8DBD89C9-2F18-4B7B-A3F5-8A487F1BD02F}.Debug|Any CPU.Build.0 = Debug|Any CPU
		{8DBD89C9-2F18-4B7B-A3F5-8A487F1BD02F}.Release|Any CPU.ActiveCfg = Release|Any CPU
		{8DBD89C9-2F18-4B7B-A3F5-8A487F1BD02F}.Release|Any CPU.Build.0 = Release|Any CPU
	EndGlobalSection
	GlobalSection(SolutionProperties) = preSolution
		HideSolutionNode = FALSE
	EndGlobalSection
	GlobalSection(ExtensibilityGlobals) = postSolution
		SolutionGuid = {7D05A574-D575-4358-8D1B-6EC7AFAA7A01}
	EndGlobalSection
EndGlobal
